
Microsoft Visual Studio Solution File, Format Version 12.00
# Visual Studio 15
VisualStudioVersion = 15.0.28307.960
MinimumVisualStudioVersion = 10.0.40219.1
Project("{8BC9CEB8-8B4A-11D0-8D11-00A0C91BC942}") = "Noooooo", "Noooooo\Noooooo.vcxproj", "{4374A217-D835-4F8F-9EE5-04A379D110BA}"
EndProject
Global
	GlobalSection(SolutionConfigurationPlatforms) = preSolution
		Debug|x64 = Debug|x64
		Debug|x86 = Debug|x86
		Release|x64 = Release|x64
		Release|x86 = Release|x86
	EndGlobalSection
	GlobalSection(ProjectConfigurationPlatforms) = postSolution
		{4374A217-D835-4F8F-9EE5-04A379D110BA}.Debug|x64.ActiveCfg = Debug|x64
		{4374A217-D835-4F8F-9EE5-04A379D110BA}.Debug|x64.Build.0 = Debug|x64
		{4374A217-D835-4F8F-9EE5-04A379D110BA}.Debug|x86.ActiveCfg = Debug|Win32
		{4374A217-D835-4F8F-9EE5-04A379D110BA}.Debug|x86.Build.0 = Debug|Win32
		{4374A217-D835-4F8F-9EE5-04A379D110BA}.Release|x64.ActiveCfg = Release|x64
		{4374A217-D835-4F8F-9EE5-04A379D110BA}.Release|x64.Build.0 = Release|x64
		{4374A217-D835-4F8F-9EE5-04A379D110BA}.Release|x86.ActiveCfg = Release|Win32
		{4374A217-D835-4F8F-9EE5-04A379D110BA}.Release|x86.Build.0 = Release|Win32
	EndGlobalSection
	GlobalSection(SolutionProperties) = preSolution
		HideSolutionNode = FALSE
	EndGlobalSection
	GlobalSection(ExtensibilityGlobals) = postSolution
		SolutionGuid = {25CDD857-6B58-4229-93E9-F49E9A39B496}
	EndGlobalSection
EndGlobal
